<?xml version="1.0" encoding="UTF-8"?>
<Scheme
   LastUpgradeVersion = "0710"
   version = "1.3">
   <BuildAction
      parallelizeBuildables = "YES"
      buildImplicitDependencies = "YES">
      <BuildActionEntries>
         <BuildActionEntry
            buildForTesting = "YES"
            buildForRunning = "YES"
            buildForProfiling = "YES"
            buildForArchiving = "YES"
            buildForAnalyzing = "YES">
            <BuildableReference
               BuildableIdentifier = "primary"
               BlueprintIdentifier = "59684ACB15F9DF500063CF5E"
               BuildableName = "EventEmitter.dylib"
               BlueprintName = "EventEmitter"
               ReferencedContainer = "container:EventEmitter.xcodeproj">
            </BuildableReference>
         </BuildActionEntry>
         <BuildActionEntry
            buildForTesting = "YES"
            buildForRunning = "YES"
            buildForProfiling = "NO"
            buildForArchiving = "NO"
            buildForAnalyzing = "YES">
            <BuildableReference
               BuildableIdentifier = "primary"
               BlueprintIdentifier = "59684ADF15F9DF500063CF5E"
               BuildableName = "EventEmitterTests.xctest"
               BlueprintName = "EventEmitterTests"
               ReferencedContainer = "container:EventEmitter.xcodeproj">
            </BuildableReference>
         </BuildActionEntry>
      </BuildActionEntries>
   </BuildAction>
   <TestAction
      buildConfiguration = "Debug"
      selectedDebuggerIdentifier = "Xcode.DebuggerFoundation.Debugger.LLDB"
      selectedLauncherIdentifier = "Xcode.DebuggerFoundation.Launcher.LLDB"
      shouldUseLaunchSchemeArgsEnv = "YES">
      <Testables>
         <TestableReference
            skipped = "NO">
            <BuildableReference
               BuildableIdentifier = "primary"
               BlueprintIdentifier = "59684ADF15F9DF500063CF5E"
               BuildableName = "EventEmitterTests.xctest"
               BlueprintName = "EventEmitterTests"
               ReferencedContainer = "container:EventEmitter.xcodeproj">
            </BuildableReference>
         </TestableReference>
      </Testables>
      <MacroExpansion>
         <BuildableReference
            BuildableIdentifier = "primary"
            BlueprintIdentifier = "59684ACB15F9DF500063CF5E"
            BuildableName = "EventEmitter.dylib"
            BlueprintName = "EventEmitter"
            ReferencedContainer = "container:EventEmitter.xcodeproj">
         </BuildableReference>
      </MacroExpansion>
      <AdditionalOptions>
      </AdditionalOptions>
   </TestAction>
   <LaunchAction
      buildConfiguration = "Debug"
      selectedDebuggerIdentifier = "Xcode.DebuggerFoundation.Debugger.LLDB"
      selectedLauncherIdentifier = "Xcode.DebuggerFoundation.Launcher.LLDB"
      launchStyle = "0"
      useCustomWorkingDirectory = "NO"
      ignoresPersistentStateOnLaunch = "NO"
      debugDocumentVersioning = "YES"
      debugServiceExtension = "internal"
      allowLocationSimulation = "YES">
      <MacroExpansion>
         <BuildableReference
            BuildableIdentifier = "primary"
            BlueprintIdentifier = "59684ACB15F9DF500063CF5E"
            BuildableName = "EventEmitter.dylib"
            BlueprintName = "EventEmitter"
            ReferencedContainer = "container:EventEmitter.xcodeproj">
         </BuildableReference>
      </MacroExpansion>
      <AdditionalOptions>
      </AdditionalOptions>
   </LaunchAction>
   <ProfileAction
      buildConfiguration = "Release"
      shouldUseLaunchSchemeArgsEnv = "YES"
      savedToolIdentifier = ""
      useCustomWorkingDirectory = "NO"
      debugDocumentVersioning = "YES">
      <MacroExpansion>
         <BuildableReference
            BuildableIdentifier = "primary"
            BlueprintIdentifier = "59684ACB15F9DF500063CF5E"
            BuildableName = "EventEmitter.dylib"
            BlueprintName = "EventEmitter"
            ReferencedContainer = "container:EventEmitter.xcodeproj">
         </BuildableReference>
      </MacroExpansion>
   </ProfileAction>
   <AnalyzeAction
      buildConfiguration = "Debug">
   </AnalyzeAction>
   <ArchiveAction
      buildConfiguration = "Release"
      revealArchiveInOrganizer = "YES">
   </ArchiveAction>
</Scheme>
